// !$*UTF8*$!
{
	archiveVersion = 1;
	classes = {
	};
	objectVersion = 56;
	objects = {

/* Begin PBXBuildFile section */
		8DD542682ADEAF600009426A /* sussexmapApp.swift in Sources */ = {isa = PBXBuildFile; fileRef = 8DD542672ADEAF600009426A /* sussexmapApp.swift */; };
		8DD5426A2ADEAF600009426A /* ContentView.swift in Sources */ = {isa = PBXBuildFile; fileRef = 8DD542692ADEAF600009426A /* ContentView.swift */; };
		8DD5426C2ADEAF610009426A /* Assets.xcassets in Resources */ = {isa = PBXBuildFile; fileRef = 8DD5426B2ADEAF610009426A /* Assets.xcassets */; };
		8DD5426F2ADEAF610009426A /* Preview Assets.xcassets in Resources */ = {isa = PBXBuildFile; fileRef = 8DD5426E2ADEAF610009426A /* Preview Assets.xcassets */; };
		8DD542792ADEAF610009426A /* sussexmapTests.swift in Sources */ = {isa = PBXBuildFile; fileRef = 8DD542782ADEAF610009426A /* sussexmapTests.swift */; };
		8DD542832ADEAF620009426A /* sussexmapUITests.swift in Sources */ = {isa = PBXBuildFile; fileRef = 8DD542822ADEAF620009426A /* sussexmapUITests.swift */; };
		8DD542852ADEAF620009426A /* sussexmapUITestsLaunchTests.swift in Sources */ = {isa = PBXBuildFile; fileRef = 8DD542842ADEAF620009426A /* sussexmapUITestsLaunchTests.swift */; };
		8DD542922ADEAFCB0009426A /* MapView.swift in Sources */ = {isa = PBXBuildFile; fileRef = 8DD542912ADEAFCB0009426A /* MapView.swift */; };
		8DD542942ADEB0BA0009426A /* InformationView.swift in Sources */ = {isa = PBXBuildFile; fileRef = 8DD542932ADEB0BA0009426A /* InformationView.swift */; };
		8DD542962ADEB0C90009426A /* CircleView.swift in Sources */ = {isa = PBXBuildFile; fileRef = 8DD542952ADEB0C90009426A /* CircleView.swift */; };
/* End PBXBuildFile section */

/* Begin PBXContainerItemProxy section */
		8DD542752ADEAF610009426A /* PBXContainerItemProxy */ = {
			isa = PBXContainerItemProxy;
			containerPortal = 8DD5425C2ADEAF600009426A /* Project object */;
			proxyType = 1;
			remoteGlobalIDString = 8DD542632ADEAF600009426A;
			remoteInfo = sussexmap;
		};
		8DD5427F2ADEAF620009426A /* PBXContainerItemProxy */ = {
			isa = PBXContainerItemProxy;
			containerPortal = 8DD5425C2ADEAF600009426A /* Project object */;
			proxyType = 1;
			remoteGlobalIDString = 8DD542632ADEAF600009426A;
			remoteInfo = sussexmap;
		};
/* End PBXContainerItemProxy section */

/* Begin PBXFileReference section */
		8DD542642ADEAF600009426A /* sussexmap.app */ = {isa = PBXFileReference; explicitFileType = wrapper.application; includeInIndex = 0; path = sussexmap.app; sourceTree = BUILT_PRODUCTS_DIR; };
		8DD542672ADEAF600009426A /* sussexmapApp.swift */ = {isa = PBXFileReference; lastKnownFileType = sourcecode.swift; path = sussexmapApp.swift; sourceTree = "<group>"; };
		8DD542692ADEAF600009426A /* ContentView.swift */ = {isa = PBXFileReference; lastKnownFileType = sourcecode.swift; path = ContentView.swift; sourceTree = "<group>"; };
		8DD5426B2ADEAF610009426A /* Assets.xcassets */ = {isa = PBXFileReference; lastKnownFileType = folder.assetcatalog; path = Assets.xcassets; sourceTree = "<group>"; };
		8DD5426E2ADEAF610009426A /* Preview Assets.xcassets */ = {isa = PBXFileReference; lastKnownFileType = folder.assetcatalog; path = "Preview Assets.xcassets"; sourceTree = "<group>"; };
		8DD542742ADEAF610009426A /* sussexmapTests.xctest */ = {isa = PBXFileReference; explicitFileType = wrapper.cfbundle; includeInIndex = 0; path = sussexmapTests.xctest; sourceTree = BUILT_PRODUCTS_DIR; };
		8DD542782ADEAF610009426A /* sussexmapTests.swift */ = {isa = PBXFileReference; lastKnownFileType = sourcecode.swift; path = sussexmapTests.swift; sourceTree = "<group>"; };
		8DD5427E2ADEAF620009426A /* sussexmapUITests.xctest */ = {isa = PBXFileReference; explicitFileType = wrapper.cfbundle; includeInIndex = 0; path = sussexmapUITests.xctest; sourceTree = BUILT_PRODUCTS_DIR; };
		8DD542822ADEAF620009426A /* sussexmapUITests.swift */ = {isa = PBXFileReference; lastKnownFileType = sourcecode.swift; path = sussexmapUITests.swift; sourceTree = "<group>"; };
		8DD542842ADEAF620009426A /* sussexmapUITestsLaunchTests.swift */ = {isa = PBXFileReference; lastKnownFileType = sourcecode.swift; path = sussexmapUITestsLaunchTests.swift; sourceTree = "<group>"; };
		8DD542912ADEAFCB0009426A /* MapView.swift */ = {isa = PBXFileReference; lastKnownFileType = sourcecode.swift; path = MapView.swift; sourceTree = "<group>"; };
		8DD542932ADEB0BA0009426A /* InformationView.swift */ = {isa = PBXFileReference; lastKnownFileType = sourcecode.swift; path = InformationView.swift; sourceTree = "<group>"; };
		8DD542952ADEB0C90009426A /* CircleView.swift */ = {isa = PBXFileReference; lastKnownFileType = sourcecode.swift; path = CircleView.swift; sourceTree = "<group>"; };
/* End PBXFileReference section */

/* Begin PBXFrameworksBuildPhase section */
		8DD542612ADEAF600009426A /* Frameworks */ = {
			isa = PBXFrameworksBuildPhase;
			buildActionMask = 2147483647;
			files = (
			);
			runOnlyForDeploymentPostprocessing = 0;
		};
		8DD542712ADEAF610009426A /* Frameworks */ = {
			isa = PBXFrameworksBuildPhase;
			buildActionMask = 2147483647;
			files = (
			);
			runOnlyForDeploymentPostprocessing = 0;
		};
		8DD5427B2ADEAF620009426A /* Frameworks */ = {
			isa = PBXFrameworksBuildPhase;
			buildActionMask = 2147483647;
			files = (
			);
			runOnlyForDeploymentPostprocessing = 0;
		};
/* End PBXFrameworksBuildPhase section */

/* Begin PBXGroup section */
		8DD5425B2ADEAF600009426A = {
			isa = PBXGroup;
			children = (
				8DD542662ADEAF600009426A /* sussexmap */,
				8DD542772ADEAF610009426A /* sussexmapTests */,
				8DD542812ADEAF620009426A /* sussexmapUITests */,
				8DD542652ADEAF600009426A /* Products */,
			);
			sourceTree = "<group>";
		};
		8DD542652ADEAF600009426A /* Products */ = {
			isa = PBXGroup;
			children = (
				8DD542642ADEAF600009426A /* sussexmap.app */,
				8DD542742ADEAF610009426A /* sussexmapTests.xctest */,
				8DD5427E2ADEAF620009426A /* sussexmapUITests.xctest */,
			);
			name = Products;
			sourceTree = "<group>";
		};
		8DD542662ADEAF600009426A /* sussexmap */ = {
			isa = PBXGroup;
			children = (
				8DD542672ADEAF600009426A /* sussexmapApp.swift */,
				8DD542692ADEAF600009426A /* ContentView.swift */,
				8DD542952ADEB0C90009426A /* CircleView.swift */,
				8DD542932ADEB0BA0009426A /* InformationView.swift */,
				8DD542912ADEAFCB0009426A /* MapView.swift */,
				8DD5426B2ADEAF610009426A /* Assets.xcassets */,
				8DD5426D2ADEAF610009426A /* Preview Content */,
			);
			path = sussexmap;
			sourceTree = "<group>";
		};
		8DD5426D2ADEAF610009426A /* Preview Content */ = {
			isa = PBXGroup;
			children = (
				8DD5426E2ADEAF610009426A /* Preview Assets.xcassets */,
			);
			path = "Preview Content";
			sourceTree = "<group>";
		};
		8DD542772ADEAF610009426A /* sussexmapTests */ = {
			isa = PBXGroup;
			children = (
				8DD542782ADEAF610009426A /* sussexmapTests.swift */,
			);
			path = sussexmapTests;
			sourceTree = "<group>";
		};
		8DD542812ADEAF620009426A /* sussexmapUITests */ = {
			isa = PBXGroup;
			children = (
				8DD542822ADEAF620009426A /* sussexmapUITests.swift */,
				8DD542842ADEAF620009426A /* sussexmapUITestsLaunchTests.swift */,
			);
			path = sussexmapUITests;
			sourceTree = "<group>";
		};
/* End PBXGroup section */

/* Begin PBXNativeTarget section */
		8DD542632ADEAF600009426A /* sussexmap */ = {
			isa = PBXNativeTarget;
			buildConfigurationList = 8DD542882ADEAF620009426A /* Build configuration list for PBXNativeTarget "sussexmap" */;
			buildPhases = (
				8DD542602ADEAF600009426A /* Sources */,
				8DD542612ADEAF600009426A /* Frameworks */,
				8DD542622ADEAF600009426A /* Resources */,
			);
			buildRules = (
			);
			dependencies = (
			);
			name = sussexmap;
			productName = sussexmap;
			productReference = 8DD542642ADEAF600009426A /* sussexmap.app */;
			productType = "com.apple.product-type.application";
		};
		8DD542732ADEAF610009426A /* sussexmapTests */ = {
			isa = PBXNativeTarget;
			buildConfigurationList = 8DD5428B2ADEAF620009426A /* Build configuration list for PBXNativeTarget "sussexmapTests" */;
			buildPhases = (
				8DD542702ADEAF610009426A /* Sources */,
				8DD542712ADEAF610009426A /* Frameworks */,
				8DD542722ADEAF610009426A /* Resources */,
			);
			buildRules = (
			);
			dependencies = (
				8DD542762ADEAF610009426A /* PBXTargetDependency */,
			);
			name = sussexmapTests;
			productName = sussexmapTests;
			productReference = 8DD542742ADEAF610009426A /* sussexmapTests.xctest */;
			productType = "com.apple.product-type.bundle.unit-test";
		};
		8DD5427D2ADEAF620009426A /* sussexmapUITests */ = {
			isa = PBXNativeTarget;
			buildConfigurationList = 8DD5428E2ADEAF620009426A /* Build configuration list for PBXNativeTarget "sussexmapUITests" */;
			buildPhases = (
				8DD5427A2ADEAF620009426A /* Sources */,
				8DD5427B2ADEAF620009426A /* Frameworks */,
				8DD5427C2ADEAF620009426A /* Resources */,
			);
			buildRules = (
			);
			dependencies = (
				8DD542802ADEAF620009426A /* PBXTargetDependency */,
			);
			name = sussexmapUITests;
			productName = sussexmapUITests;
			productReference = 8DD5427E2ADEAF620009426A /* sussexmapUITests.xctest */;
			productType = "com.apple.product-type.bundle.ui-testing";
		};
/* End PBXNativeTarget section */

/* Begin PBXProject section */
		8DD5425C2ADEAF600009426A /* Project object */ = {
			isa = PBXProject;
			attributes = {
				BuildIndependentTargetsInParallel = 1;
				LastSwiftUpdateCheck = 1430;
				LastUpgradeCheck = 1430;
				TargetAttributes = {
					8DD542632ADEAF600009426A = {
						CreatedOnToolsVersion = 14.3.1;
					};
					8DD542732ADEAF610009426A = {
						CreatedOnToolsVersion = 14.3.1;
						TestTargetID = 8DD542632ADEAF600009426A;
					};
					8DD5427D2ADEAF620009426A = {
						CreatedOnToolsVersion = 14.3.1;
						TestTargetID = 8DD542632ADEAF600009426A;
					};
				};
			};
			buildConfigurationList = 8DD5425F2ADEAF600009426A /* Build configuration list for PBXProject "sussexmap" */;
			compatibilityVersion = "Xcode 14.0";
			developmentRegion = en;
			hasScannedForEncodings = 0;
			knownRegions = (
				en,
				Base,
			);
			mainGroup = 8DD5425B2ADEAF600009426A;
			productRefGroup = 8DD542652ADEAF600009426A /* Products */;
			projectDirPath = "";
			projectRoot = "";
			targets = (
				8DD542632ADEAF600009426A /* sussexmap */,
				8DD542732ADEAF610009426A /* sussexmapTests */,
				8DD5427D2ADEAF620009426A /* sussexmapUITests */,
			);
		};
/* End PBXProject section */

/* Begin PBXResourcesBuildPhase section */
		8DD542622ADEAF600009426A /* Resources */ = {
			isa = PBXResourcesBuildPhase;
			buildActionMask = 2147483647;
			files = (
				8DD5426F2ADEAF610009426A /* Preview Assets.xcassets in Resources */,
				8DD5426C2ADEAF610009426A /* Assets.xcassets in Resources */,
			);
			runOnlyForDeploymentPostprocessing = 0;
		};
		8DD542722ADEAF610009426A /* Resources */ = {
			isa = PBXResourcesBuildPhase;
			buildActionMask = 2147483647;
			files = (
			);
			runOnlyForDeploymentPostprocessing = 0;
		};
		8DD5427C2ADEAF620009426A /* Resources */ = {
			isa = PBXResourcesBuildPhase;
			buildActionMask = 2147483647;
			files = (
			);
			runOnlyForDeploymentPostprocessing = 0;
		};
/* End PBXResourcesBuildPhase section */

/* Begin PBXSourcesBuildPhase section */
		8DD542602ADEAF600009426A /* Sources */ = {
			isa = PBXSourcesBuildPhase;
			buildActionMask = 2147483647;
			files = (
				8DD5426A2ADEAF600009426A /* ContentView.swift in Sources */,
				8DD542962ADEB0C90009426A /* CircleView.swift in Sources */,
				8DD542942ADEB0BA0009426A /* InformationView.swift in Sources */,
				8DD542922ADEAFCB0009426A /* MapView.swift in Sources */,
				8DD542682ADEAF600009426A /* sussexmapApp.swift in Sources */,
			);
			runOnlyForDeploymentPostprocessing = 0;
		};
		8DD542702ADEAF610009426A /* Sources */ = {
			isa = PBXSourcesBuildPhase;
			buildActionMask = 2147483647;
			files = (
				8DD542792ADEAF610009426A /* sussexmapTests.swift in Sources */,
			);
			runOnlyForDeploymentPostprocessing = 0;
		};
		8DD5427A2ADEAF620009426A /* Sources */ = {
			isa = PBXSourcesBuildPhase;
			buildActionMask = 2147483647;
			files = (
				8DD542852ADEAF620009426A /* sussexmapUITestsLaunchTests.swift in Sources */,
				8DD542832ADEAF620009426A /* sussexmapUITests.swift in Sources */,
			);
			runOnlyForDeploymentPostprocessing = 0;
		};
/* End PBXSourcesBuildPhase section */

/* Begin PBXTargetDependency section */
		8DD542762ADEAF610009426A /* PBXTargetDependency */ = {
			isa = PBXTargetDependency;
			target = 8DD542632ADEAF600009426A /* sussexmap */;
			targetProxy = 8DD542752ADEAF610009426A /* PBXContainerItemProxy */;
		};
		8DD542802ADEAF620009426A /* PBXTargetDependency */ = {
			isa = PBXTargetDependency;
			target = 8DD542632ADEAF600009426A /* sussexmap */;
			targetProxy = 8DD5427F2ADEAF620009426A /* PBXContainerItemProxy */;
		};
/* End PBXTargetDependency section */

/* Begin XCBuildConfiguration section */
		8DD542862ADEAF620009426A /* Debug */ = {
			isa = XCBuildConfiguration;
			buildSettings = {
				ALWAYS_SEARCH_USER_PATHS = NO;
				CLANG_ANALYZER_NONNULL = YES;
				CLANG_ANALYZER_NUMBER_OBJECT_CONVERSION = YES_AGGRESSIVE;
				CLANG_CXX_LANGUAGE_STANDARD = "gnu++20";
				CLANG_ENABLE_MODULES = YES;
				CLANG_ENABLE_OBJC_ARC = YES;
				CLANG_ENABLE_OBJC_WEAK = YES;
				CLANG_WARN_BLOCK_CAPTURE_AUTORELEASING = YES;
				CLANG_WARN_BOOL_CONVERSION = YES;
				CLANG_WARN_COMMA = YES;
				CLANG_WARN_CONSTANT_CONVERSION = YES;
				CLANG_WARN_DEPRECATED_OBJC_IMPLEMENTATIONS = YES;
				CLANG_WARN_DIRECT_OBJC_ISA_USAGE = YES_ERROR;
				CLANG_WARN_DOCUMENTATION_COMMENTS = YES;
				CLANG_WARN_EMPTY_BODY = YES;
				CLANG_WARN_ENUM_CONVERSION = YES;
				CLANG_WARN_INFINITE_RECURSION = YES;
				CLANG_WARN_INT_CONVERSION = YES;
				CLANG_WARN_NON_LITERAL_NULL_CONVERSION = YES;
				CLANG_WARN_OBJC_IMPLICIT_RETAIN_SELF = YES;
				CLANG_WARN_OBJC_LITERAL_CONVERSION = YES;
				CLANG_WARN_OBJC_ROOT_CLASS = YES_ERROR;
				CLANG_WARN_QUOTED_INCLUDE_IN_FRAMEWORK_HEADER = YES;
				CLANG_WARN_RANGE_LOOP_ANALYSIS = YES;
				CLANG_WARN_STRICT_PROTOTYPES = YES;
				CLANG_WARN_SUSPICIOUS_MOVE = YES;
				CLANG_WARN_UNGUARDED_AVAILABILITY = YES_AGGRESSIVE;
				CLANG_WARN_UNREACHABLE_CODE = YES;
				CLANG_WARN__DUPLICATE_METHOD_MATCH = YES;
				COPY_PHASE_STRIP = NO;
				DEBUG_INFORMATION_FORMAT = dwarf;
				ENABLE_STRICT_OBJC_MSGSEND = YES;
				ENABLE_TESTABILITY = YES;
				GCC_C_LANGUAGE_STANDARD = gnu11;
				GCC_DYNAMIC_NO_PIC = NO;
				GCC_NO_COMMON_BLOCKS = YES;
				GCC_OPTIMIZATION_LEVEL = 0;
				GCC_PREPROCESSOR_DEFINITIONS = (
					"DEBUG=1",
					"$(inherited)",
				);
				GCC_WARN_64_TO_32_BIT_CONVERSION = YES;
				GCC_WARN_ABOUT_RETURN_TYPE = YES_ERROR;
				GCC_WARN_UNDECLARED_SELECTOR = YES;
				GCC_WARN_UNINITIALIZED_AUTOS = YES_AGGRESSIVE;
				GCC_WARN_UNUSED_FUNCTION = YES;
				GCC_WARN_UNUSED_VARIABLE = YES;
				IPHONEOS_DEPLOYMENT_TARGET = 16.4;
				MTL_ENABLE_DEBUG_INFO = INCLUDE_SOURCE;
				MTL_FAST_MATH = YES;
				ONLY_ACTIVE_ARCH = YES;
				SDKROOT = iphoneos;
				SWIFT_ACTIVE_COMPILATION_CONDITIONS = DEBUG;
				SWIFT_OPTIMIZATION_LEVEL = "-Onone";
			};
			name = Debug;
		};
		8DD542872ADEAF620009426A /* Release */ = {
			isa = XCBuildConfiguration;
			buildSettings = {
				ALWAYS_SEARCH_USER_PATHS = NO;
				CLANG_ANALYZER_NONNULL = YES;
				CLANG_ANALYZER_NUMBER_OBJECT_CONVERSION = YES_AGGRESSIVE;
				CLANG_CXX_LANGUAGE_STANDARD = "gnu++20";
				CLANG_ENABLE_MODULES = YES;
				CLANG_ENABLE_OBJC_ARC = YES;
				CLANG_ENABLE_OBJC_WEAK = YES;
				CLANG_WARN_BLOCK_CAPTURE_AUTORELEASING = YES;
				CLANG_WARN_BOOL_CONVERSION = YES;
				CLANG_WARN_COMMA = YES;
				CLANG_WARN_CONSTANT_CONVERSION = YES;
				CLANG_WARN_DEPRECATED_OBJC_IMPLEMENTATIONS = YES;
				CLANG_WARN_DIRECT_OBJC_ISA_USAGE = YES_ERROR;
				CLANG_WARN_DOCUMENTATION_COMMENTS = YES;
				CLANG_WARN_EMPTY_BODY = YES;
				CLANG_WARN_ENUM_CONVERSION = YES;
				CLANG_WARN_INFINITE_RECURSION = YES;
				CLANG_WARN_INT_CONVERSION = YES;
				CLANG_WARN_NON_LITERAL_NULL_CONVERSION = YES;
				CLANG_WARN_OBJC_IMPLICIT_RETAIN_SELF = YES;
				CLANG_WARN_OBJC_LITERAL_CONVERSION = YES;
				CLANG_WARN_OBJC_ROOT_CLASS = YES_ERROR;
				CLANG_WARN_QUOTED_INCLUDE_IN_FRAMEWORK_HEADER = YES;
				CLANG_WARN_RANGE_LOOP_ANALYSIS = YES;
				CLANG_WARN_STRICT_PROTOTYPES = YES;
				CLANG_WARN_SUSPICIOUS_MOVE = YES;
				CLANG_WARN_UNGUARDED_AVAILABILITY = YES_AGGRESSIVE;
				CLANG_WARN_UNREACHABLE_CODE = YES;
				CLANG_WARN__DUPLICATE_METHOD_MATCH = YES;
				COPY_PHASE_STRIP = NO;
				DEBUG_INFORMATION_FORMAT = "dwarf-with-dsym";
				ENABLE_NS_ASSERTIONS = NO;
				ENABLE_STRICT_OBJC_MSGSEND = YES;
				GCC_C_LANGUAGE_STANDARD = gnu11;
				GCC_NO_COMMON_BLOCKS = YES;
				GCC_WARN_64_TO_32_BIT_CONVERSION = YES;
				GCC_WARN_ABOUT_RETURN_TYPE = YES_ERROR;
				GCC_WARN_UNDECLARED_SELECTOR = YES;
				GCC_WARN_UNINITIALIZED_AUTOS = YES_AGGRESSIVE;
				GCC_WARN_UNUSED_FUNCTION = YES;
				GCC_WARN_UNUSED_VARIABLE = YES;
				IPHONEOS_DEPLOYMENT_TARGET = 16.4;
				MTL_ENABLE_DEBUG_INFO = NO;
				MTL_FAST_MATH = YES;
				SDKROOT = iphoneos;
				SWIFT_COMPILATION_MODE = wholemodule;
				SWIFT_OPTIMIZATION_LEVEL = "-O";
				VALIDATE_PRODUCT = YES;
			};
			name = Release;
		};
		8DD542892ADEAF620009426A /* Debug */ = {
			isa = XCBuildConfiguration;
			buildSettings = {
				ASSETCATALOG_COMPILER_APPICON_NAME = AppIcon;
				ASSETCATALOG_COMPILER_GLOBAL_ACCENT_COLOR_NAME = AccentColor;
				CODE_SIGN_STYLE = Automatic;
				CURRENT_PROJECT_VERSION = 1;
				DEVELOPMENT_ASSET_PATHS = "\"sussexmap/Preview Content\"";
				ENABLE_PREVIEWS = YES;
				GENERATE_INFOPLIST_FILE = YES;
				INFOPLIST_KEY_UIApplicationSceneManifest_Generation = YES;
				INFOPLIST_KEY_UIApplicationSupportsIndirectInputEvents = YES;
				INFOPLIST_KEY_UILaunchScreen_Generation = YES;
				INFOPLIST_KEY_UISupportedInterfaceOrientations_iPad = "UIInterfaceOrientationPortrait UIInterfaceOrientationPortraitUpsideDown UIInterfaceOrientationLandscapeLeft UIInterfaceOrientationLandscapeRight";
				INFOPLIST_KEY_UISupportedInterfaceOrientations_iPhone = "UIInterfaceOrientationPortrait UIInterfaceOrientationLandscapeLeft UIInterfaceOrientationLandscapeRight";
				LD_RUNPATH_SEARCH_PATHS = (
					"$(inherited)",
					"@executable_path/Frameworks",
				);
				MARKETING_VERSION = 1.0;
				PRODUCT_BUNDLE_IDENTIFIER = lewisrye.sussexmap;
				PRODUCT_NAME = "$(TARGET_NAME)";
				SWIFT_EMIT_LOC_STRINGS = YES;
				SWIFT_VERSION = 5.0;
				TARGETED_DEVICE_FAMILY = "1,2";
			};
			name = Debug;
		};
		8DD5428A2ADEAF620009426A /* Release */ = {
			isa = XCBuildConfiguration;
			buildSettings = {
				ASSETCATALOG_COMPILER_APPICON_NAME = AppIcon;
				ASSETCATALOG_COMPILER_GLOBAL_ACCENT_COLOR_NAME = AccentColor;
				CODE_SIGN_STYLE = Automatic;
				CURRENT_PROJECT_VERSION = 1;
				DEVELOPMENT_ASSET_PATHS = "\"sussexmap/Preview Content\"";
				ENABLE_PREVIEWS = YES;
				GENERATE_INFOPLIST_FILE = YES;
				INFOPLIST_KEY_UIApplicationSceneManifest_Generation = YES;
				INFOPLIST_KEY_UIApplicationSupportsIndirectInputEvents = YES;
				INFOPLIST_KEY_UILaunchScreen_Generation = YES;
				INFOPLIST_KEY_UISupportedInterfaceOrientations_iPad = "UIInterfaceOrientationPortrait UIInterfaceOrientationPortraitUpsideDown UIInterfaceOrientationLandscapeLeft UIInterfaceOrientationLandscapeRight";
				INFOPLIST_KEY_UISupportedInterfaceOrientations_iPhone = "UIInterfaceOrientationPortrait UIInterfaceOrientationLandscapeLeft UIInterfaceOrientationLandscapeRight";
				LD_RUNPATH_SEARCH_PATHS = (
					"$(inherited)",
					"@executable_path/Frameworks",
				);
				MARKETING_VERSION = 1.0;
				PRODUCT_BUNDLE_IDENTIFIER = lewisrye.sussexmap;
				PRODUCT_NAME = "$(TARGET_NAME)";
				SWIFT_EMIT_LOC_STRINGS = YES;
				SWIFT_VERSION = 5.0;
				TARGETED_DEVICE_FAMILY = "1,2";
			};
			name = Release;
		};
		8DD5428C2ADEAF620009426A /* Debug */ = {
			isa = XCBuildConfiguration;
			buildSettings = {
				ALWAYS_EMBED_SWIFT_STANDARD_LIBRARIES = YES;
				BUNDLE_LOADER = "$(TEST_HOST)";
				CODE_SIGN_STYLE = Automatic;
				CURRENT_PROJECT_VERSION = 1;
				GENERATE_INFOPLIST_FILE = YES;
				IPHONEOS_DEPLOYMENT_TARGET = 16.4;
				MARKETING_VERSION = 1.0;
				PRODUCT_BUNDLE_IDENTIFIER = lewisrye.sussexmapTests;
				PRODUCT_NAME = "$(TARGET_NAME)";
				SWIFT_EMIT_LOC_STRINGS = NO;
				SWIFT_VERSION = 5.0;
				TARGETED_DEVICE_FAMILY = "1,2";
				TEST_HOST = "$(BUILT_PRODUCTS_DIR)/sussexmap.app/$(BUNDLE_EXECUTABLE_FOLDER_PATH)/sussexmap";
			};
			name = Debug;
		};
		8DD5428D2ADEAF620009426A /* Release */ = {
			isa = XCBuildConfiguration;
			buildSettings = {
				ALWAYS_EMBED_SWIFT_STANDARD_LIBRARIES = YES;
				BUNDLE_LOADER = "$(TEST_HOST)";
				CODE_SIGN_STYLE = Automatic;
				CURRENT_PROJECT_VERSION = 1;
				GENERATE_INFOPLIST_FILE = YES;
				IPHONEOS_DEPLOYMENT_TARGET = 16.4;
				MARKETING_VERSION = 1.0;
				PRODUCT_BUNDLE_IDENTIFIER = lewisrye.sussexmapTests;
				PRODUCT_NAME = "$(TARGET_NAME)";
				SWIFT_EMIT_LOC_STRINGS = NO;
				SWIFT_VERSION = 5.0;
				TARGETED_DEVICE_FAMILY = "1,2";
				TEST_HOST = "$(BUILT_PRODUCTS_DIR)/sussexmap.app/$(BUNDLE_EXECUTABLE_FOLDER_PATH)/sussexmap";
			};
			name = Release;
		};
		8DD5428F2ADEAF620009426A /* Debug */ = {
			isa = XCBuildConfiguration;
			buildSettings = {
				ALWAYS_EMBED_SWIFT_STANDARD_LIBRARIES = YES;
				CODE_SIGN_STYLE = Automatic;
				CURRENT_PROJECT_VERSION = 1;
				GENERATE_INFOPLIST_FILE = YES;
				MARKETING_VERSION = 1.0;
				PRODUCT_BUNDLE_IDENTIFIER = lewisrye.sussexmapUITests;
				PRODUCT_NAME = "$(TARGET_NAME)";
				SWIFT_EMIT_LOC_STRINGS = NO;
				SWIFT_VERSION = 5.0;
				TARGETED_DEVICE_FAMILY = "1,2";
				TEST_TARGET_NAME = sussexmap;
			};
			name = Debug;
		};
		8DD542902ADEAF620009426A /* Release */ = {
			isa = XCBuildConfiguration;
			buildSettings = {
				ALWAYS_EMBED_SWIFT_STANDARD_LIBRARIES = YES;
				CODE_SIGN_STYLE = Automatic;
				CURRENT_PROJECT_VERSION = 1;
				GENERATE_INFOPLIST_FILE = YES;
				MARKETING_VERSION = 1.0;
				PRODUCT_BUNDLE_IDENTIFIER = lewisrye.sussexmapUITests;
				PRODUCT_NAME = "$(TARGET_NAME)";
				SWIFT_EMIT_LOC_STRINGS = NO;
				SWIFT_VERSION = 5.0;
				TARGETED_DEVICE_FAMILY = "1,2";
				TEST_TARGET_NAME = sussexmap;
			};
			name = Release;
		};
/* End XCBuildConfiguration section */

/* Begin XCConfigurationList section */
		8DD5425F2ADEAF600009426A /* Build configuration list for PBXProject "sussexmap" */ = {
			isa = XCConfigurationList;
			buildConfigurations = (
				8DD542862ADEAF620009426A /* Debug */,
				8DD542872ADEAF620009426A /* Release */,
			);
			defaultConfigurationIsVisible = 0;
			defaultConfigurationName = Release;
		};
		8DD542882ADEAF620009426A /* Build configuration list for PBXNativeTarget "sussexmap" */ = {
			isa = XCConfigurationList;
			buildConfigurations = (
				8DD542892ADEAF620009426A /* Debug */,
				8DD5428A2ADEAF620009426A /* Release */,
			);
			defaultConfigurationIsVisible = 0;
			defaultConfigurationName = Release;
		};
		8DD5428B2ADEAF620009426A /* Build configuration list for PBXNativeTarget "sussexmapTests" */ = {
			isa = XCConfigurationList;
			buildConfigurations = (
				8DD5428C2ADEAF620009426A /* Debug */,
				8DD5428D2ADEAF620009426A /* Release */,
			);
			defaultConfigurationIsVisible = 0;
			defaultConfigurationName = Release;
		};
		8DD5428E2ADEAF620009426A /* Build configuration list for PBXNativeTarget "sussexmapUITests" */ = {
			isa = XCConfigurationList;
			buildConfigurations = (
				8DD5428F2ADEAF620009426A /* Debug */,
				8DD542902ADEAF620009426A /* Release */,
			);
			defaultConfigurationIsVisible = 0;
			defaultConfigurationName = Release;
		};
/* End XCConfigurationList section */
	};
	rootObject = 8DD5425C2ADEAF600009426A /* Project object */;
}
